
Microsoft Visual Studio Solution File, Format Version 12.00
# Visual Studio Version 17
VisualStudioVersion = 17.1.32328.378
MinimumVisualStudioVersion = 10.0.40219.1
Project("{9A19103F-16F7-4668-BE54-9A1E7A4F7556}") = "Redis.Samples", "Redis.Samples\Redis.Samples.csproj", "{03BD03D1-C3B4-4910-AC52-5DD6A632FE97}"
EndProject
Project("{2150E333-8FDC-42A3-9474-1A3956D46DE8}") = "Imge", "Imge", "{E442AF8D-DDF5-4B09-A3A4-68840DD3E884}"
	ProjectSection(SolutionItems) = preProject
		C:\Users\Z0047YMR\Desktop\Redis.PNG = C:\Users\Z0047YMR\Desktop\Redis.PNG
	EndProjectSection
EndProject
Global
	GlobalSection(SolutionConfigurationPlatforms) = preSolution
		Debug|Any CPU = Debug|Any CPU
		Release|Any CPU = Release|Any CPU
	EndGlobalSection
	GlobalSection(ProjectConfigurationPlatforms) = postSolution
		{03BD03D1-C3B4-4910-AC52-5DD6A632FE97}.Debug|Any CPU.ActiveCfg = Debug|Any CPU
		{03BD03D1-C3B4-4910-AC52-5DD6A632FE97}.Debug|Any CPU.Build.0 = Debug|Any CPU
		{03BD03D1-C3B4-4910-AC52-5DD6A632FE97}.Release|Any CPU.ActiveCfg = Release|Any CPU
		{03BD03D1-C3B4-4910-AC52-5DD6A632FE97}.Release|Any CPU.Build.0 = Release|Any CPU
	EndGlobalSection
	GlobalSection(SolutionProperties) = preSolution
		HideSolutionNode = FALSE
	EndGlobalSection
	GlobalSection(ExtensibilityGlobals) = postSolution
		SolutionGuid = {3B3CD776-FCD6-4B9E-B6F7-7A8C4D763DCB}
	EndGlobalSection
EndGlobal
